
Microsoft Visual Studio Solution File, Format Version 12.00
# Visual Studio 15
VisualStudioVersion = 15.0.26228.9
MinimumVisualStudioVersion = 10.0.40219.1
Project("{FAE04EC0-301F-11D3-BF4B-00C04F79EFBC}") = "Analyzer1", "Analyzer1\Analyzer1\Analyzer1.csproj", "{879C3067-413A-40E3-BBBD-504BD410B8DF}"
EndProject
Project("{FAE04EC0-301F-11D3-BF4B-00C04F79EFBC}") = "Analyzer1.Test", "Analyzer1\Analyzer1.Test\Analyzer1.Test.csproj", "{CBD8DF6E-7864-40FB-9584-94E49939DA80}"
EndProject
Project("{FAE04EC0-301F-11D3-BF4B-00C04F79EFBC}") = "Analyzer1.Vsix", "Analyzer1\Analyzer1.Vsix\Analyzer1.Vsix.csproj", "{D44EFD56-4550-4F7A-82B8-F2F3C5D841D4}"
EndProject
Global
	GlobalSection(SolutionConfigurationPlatforms) = preSolution
		Debug|Any CPU = Debug|Any CPU
		Release|Any CPU = Release|Any CPU
	EndGlobalSection
	GlobalSection(ProjectConfigurationPlatforms) = postSolution
		{879C3067-413A-40E3-BBBD-504BD410B8DF}.Debug|Any CPU.ActiveCfg = Debug|Any CPU
		{879C3067-413A-40E3-BBBD-504BD410B8DF}.Debug|Any CPU.Build.0 = Debug|Any CPU
		{879C3067-413A-40E3-BBBD-504BD410B8DF}.Release|Any CPU.ActiveCfg = Release|Any CPU
		{879C3067-413A-40E3-BBBD-504BD410B8DF}.Release|Any CPU.Build.0 = Release|Any CPU
		{CBD8DF6E-7864-40FB-9584-94E49939DA80}.Debug|Any CPU.ActiveCfg = Debug|Any CPU
		{CBD8DF6E-7864-40FB-9584-94E49939DA80}.Debug|Any CPU.Build.0 = Debug|Any CPU
		{CBD8DF6E-7864-40FB-9584-94E49939DA80}.Release|Any CPU.ActiveCfg = Release|Any CPU
		{CBD8DF6E-7864-40FB-9584-94E49939DA80}.Release|Any CPU.Build.0 = Release|Any CPU
		{D44EFD56-4550-4F7A-82B8-F2F3C5D841D4}.Debug|Any CPU.ActiveCfg = Debug|Any CPU
		{D44EFD56-4550-4F7A-82B8-F2F3C5D841D4}.Debug|Any CPU.Build.0 = Debug|Any CPU
		{D44EFD56-4550-4F7A-82B8-F2F3C5D841D4}.Release|Any CPU.ActiveCfg = Release|Any CPU
		{D44EFD56-4550-4F7A-82B8-F2F3C5D841D4}.Release|Any CPU.Build.0 = Release|Any CPU
	EndGlobalSection
	GlobalSection(SolutionProperties) = preSolution
		HideSolutionNode = FALSE
	EndGlobalSection
EndGlobal
