
Microsoft Visual Studio Solution File, Format Version 12.00
# Visual Studio Version 17
VisualStudioVersion = 17.2.32505.173
MinimumVisualStudioVersion = 10.0.40219.1
Project("{9A19103F-16F7-4668-BE54-9A1E7A4F7556}") = "Generators", "Generators\Generators.csproj", "{7CAB5B07-5853-4D5F-9C13-7D1E2ECF529C}"
EndProject
Project("{9A19103F-16F7-4668-BE54-9A1E7A4F7556}") = "ConsoleApp1", "ConsoleApp1\ConsoleApp1.csproj", "{67C45C52-2A10-47E1-9858-EA8A8173679F}"
EndProject
Project("{FAE04EC0-301F-11D3-BF4B-00C04F79EFBC}") = "GeneratorTests", "GeneratorTests\GeneratorTests.csproj", "{B831E3A1-280C-4BB8-8758-4438409079CE}"
EndProject
Global
	GlobalSection(SolutionConfigurationPlatforms) = preSolution
		Debug|Any CPU = Debug|Any CPU
		Release|Any CPU = Release|Any CPU
	EndGlobalSection
	GlobalSection(ProjectConfigurationPlatforms) = postSolution
		{7CAB5B07-5853-4D5F-9C13-7D1E2ECF529C}.Debug|Any CPU.ActiveCfg = Debug|Any CPU
		{7CAB5B07-5853-4D5F-9C13-7D1E2ECF529C}.Debug|Any CPU.Build.0 = Debug|Any CPU
		{7CAB5B07-5853-4D5F-9C13-7D1E2ECF529C}.Release|Any CPU.ActiveCfg = Release|Any CPU
		{7CAB5B07-5853-4D5F-9C13-7D1E2ECF529C}.Release|Any CPU.Build.0 = Release|Any CPU
		{67C45C52-2A10-47E1-9858-EA8A8173679F}.Debug|Any CPU.ActiveCfg = Debug|Any CPU
		{67C45C52-2A10-47E1-9858-EA8A8173679F}.Debug|Any CPU.Build.0 = Debug|Any CPU
		{67C45C52-2A10-47E1-9858-EA8A8173679F}.Release|Any CPU.ActiveCfg = Release|Any CPU
		{67C45C52-2A10-47E1-9858-EA8A8173679F}.Release|Any CPU.Build.0 = Release|Any CPU
		{B831E3A1-280C-4BB8-8758-4438409079CE}.Debug|Any CPU.ActiveCfg = Debug|Any CPU
		{B831E3A1-280C-4BB8-8758-4438409079CE}.Debug|Any CPU.Build.0 = Debug|Any CPU
		{B831E3A1-280C-4BB8-8758-4438409079CE}.Release|Any CPU.ActiveCfg = Release|Any CPU
		{B831E3A1-280C-4BB8-8758-4438409079CE}.Release|Any CPU.Build.0 = Release|Any CPU
	EndGlobalSection
	GlobalSection(SolutionProperties) = preSolution
		HideSolutionNode = FALSE
	EndGlobalSection
	GlobalSection(ExtensibilityGlobals) = postSolution
		SolutionGuid = {6A8E85AB-CCD1-4782-ACDF-DD30E6F99FDE}
	EndGlobalSection
EndGlobal
